# THIS IS AN AUTOGENERATED FILE. DO NOT EDIT THIS FILE DIRECTLY.
# yarn lockfile v1


pnpm@^7.8.0:
  version "7.32.2"
  resolved "https://registry.yarnpkg.com/pnpm/-/pnpm-7.32.2.tgz#44dd92b75c57c600f3a7c08235b909d89c13de88"
  integrity sha512-PfosE4b8keWHVrO+z4d+ncIIQK9ypTAdRTrk2ioZ2wDN0I9L+mapzJVldVqsZdy7vakyMtxfknN2cn5wjESbvg==
